
Microsoft Visual Studio Solution File, Format Version 12.00
# Visual Studio Version 16
VisualStudioVersion = 16.0.30907.101
MinimumVisualStudioVersion = 10.0.40219.1
Project("{FAE04EC0-301F-11D3-BF4B-00C04F79EFBC}") = "methods", "methods\methods.csproj", "{7F340D1C-81E2-4F0A-A267-0DBF57F5D944}"
EndProject
Project("{FAE04EC0-301F-11D3-BF4B-00C04F79EFBC}") = "Matematik", "Matematik\Matematik.csproj", "{B018B88A-EA43-45C0-BEAC-B9E81EDD5DC4}"
EndProject
Project("{FAE04EC0-301F-11D3-BF4B-00C04F79EFBC}") = "DegerVeReferansTipler", "DegerVeReferansTipler\DegerVeReferansTipler.csproj", "{50AE0964-1A15-4B42-92D3-7555EF4C7A14}"
EndProject
Global
	GlobalSection(SolutionConfigurationPlatforms) = preSolution
		Debug|Any CPU = Debug|Any CPU
		Release|Any CPU = Release|Any CPU
	EndGlobalSection
	GlobalSection(ProjectConfigurationPlatforms) = postSolution
		{7F340D1C-81E2-4F0A-A267-0DBF57F5D944}.Debug|Any CPU.ActiveCfg = Debug|Any CPU
		{7F340D1C-81E2-4F0A-A267-0DBF57F5D944}.Debug|Any CPU.Build.0 = Debug|Any CPU
		{7F340D1C-81E2-4F0A-A267-0DBF57F5D944}.Release|Any CPU.ActiveCfg = Release|Any CPU
		{7F340D1C-81E2-4F0A-A267-0DBF57F5D944}.Release|Any CPU.Build.0 = Release|Any CPU
		{B018B88A-EA43-45C0-BEAC-B9E81EDD5DC4}.Debug|Any CPU.ActiveCfg = Debug|Any CPU
		{B018B88A-EA43-45C0-BEAC-B9E81EDD5DC4}.Debug|Any CPU.Build.0 = Debug|Any CPU
		{B018B88A-EA43-45C0-BEAC-B9E81EDD5DC4}.Release|Any CPU.ActiveCfg = Release|Any CPU
		{B018B88A-EA43-45C0-BEAC-B9E81EDD5DC4}.Release|Any CPU.Build.0 = Release|Any CPU
		{50AE0964-1A15-4B42-92D3-7555EF4C7A14}.Debug|Any CPU.ActiveCfg = Debug|Any CPU
		{50AE0964-1A15-4B42-92D3-7555EF4C7A14}.Debug|Any CPU.Build.0 = Debug|Any CPU
		{50AE0964-1A15-4B42-92D3-7555EF4C7A14}.Release|Any CPU.ActiveCfg = Release|Any CPU
		{50AE0964-1A15-4B42-92D3-7555EF4C7A14}.Release|Any CPU.Build.0 = Release|Any CPU
	EndGlobalSection
	GlobalSection(SolutionProperties) = preSolution
		HideSolutionNode = FALSE
	EndGlobalSection
	GlobalSection(ExtensibilityGlobals) = postSolution
		SolutionGuid = {BDDD63EA-690C-4A38-9237-75CB202C857B}
	EndGlobalSection
EndGlobal
